{
  "name": "karabiner",
  "version": "1.0.0",
  "lockfileVersion": 1,
  "requires": true,
  "dependencies": {
    "@byted-light/axios": {
      "version": "0.3.10",
      "resolved": "http://bnpm.byted.org/@byted-light/axios/download/@byted-light/axios-0.3.10.tgz",
      "integrity": "sha1-Pyj0gtpN7GQv+eiAQcItqpYqsrE=",
      "requires": {
        "@byted-light/service-discovery": "1.4.0",
        "@byted-service/env": "1.4.13",
        "follow-redirects": "1.5.10",
        "is-buffer": "2.0.2"
      },
      "dependencies": {
        "is-buffer": {
          "version": "2.0.2",
          "resolved": "http://bnpm.byted.org/is-buffer/download/is-buffer-2.0.2.tgz",
          "integrity": "sha1-+DoMW8RT9kMb+DzCzv9svJ1QqDs="
        }
      }
    },
    "@byted-light/service-discovery": {
      "version": "1.4.0",
      "resolved": "http://bnpm.byted.org/@byted-light/service-discovery/download/@byted-light/service-discovery-1.4.0.tgz",
      "integrity": "sha1-we2lzLvJ4wlMsi50DPLdfhC2M6U=",
      "requires": {
        "debug": "4.1.1"
      }
    },
    "@byted-service/env": {
      "version": "1.4.13",
      "resolved": "http://bnpm.byted.org/@byted-service/env/download/@byted-service/env-1.4.13.tgz",
      "integrity": "sha1-TotQ2LEf0bgBUC0DrwPAQ5O2/iQ=",
      "requires": {
        "ip": "^1.1.5",
        "tslib": "^1.9.3"
      }
    },
    "@superjs/wait": {
      "version": "1.1.6",
      "resolved": "http://bnpm.byted.org/@superjs/wait/download/@superjs/wait-1.1.6.tgz",
      "integrity": "sha1-CqtQRI1w4FWIVmh9S7G39hJuX7I=",
      "requires": {
        "deasync": "^0.1.14"
      }
    },
    "ansi-regex": {
      "version": "2.1.1",
      "resolved": "http://bnpm.byted.org/ansi-regex/download/ansi-regex-2.1.1.tgz",
      "integrity": "sha1-w7M6te42DYbg5ijwRorn7yfWVN8="
    },
    "aproba": {
      "version": "1.2.0",
      "resolved": "http://bnpm.byted.org/aproba/download/aproba-1.2.0.tgz",
      "integrity": "sha1-aALmJk79GMeQobDVF/DyYnvyyUo="
    },
    "are-we-there-yet": {
      "version": "1.1.5",
      "resolved": "http://bnpm.byted.org/are-we-there-yet/download/are-we-there-yet-1.1.5.tgz",
      "integrity": "sha1-SzXClE8GKov82mZBB2A1D+nd/CE=",
      "requires": {
        "delegates": "^1.0.0",
        "readable-stream": "^2.0.6"
      }
    },
    "bindings": {
      "version": "1.5.0",
      "resolved": "http://bnpm.byted.org/bindings/download/bindings-1.5.0.tgz",
      "integrity": "sha1-EDU8npRTNLwFEabZCzj7x8nFBN8=",
      "requires": {
        "file-uri-to-path": "1.0.0"
      }
    },
    "bl": {
      "version": "2.2.1",
      "resolved": "http://bnpm.byted.org/bl/download/bl-2.2.1.tgz",
      "integrity": "sha1-jBGntzBlXF1WiYzchxIk9A/ZAdU=",
      "requires": {
        "readable-stream": "^2.3.5",
        "safe-buffer": "^5.1.1"
      }
    },
    "bson": {
      "version": "1.1.5",
      "resolved": "http://bnpm.byted.org/bson/download/bson-1.1.5.tgz",
      "integrity": "sha1-Kqrpj832dQwISLDLod3sPHMGCjQ="
    },
    "buffer-alloc": {
      "version": "1.2.0",
      "resolved": "http://bnpm.byted.org/buffer-alloc/download/buffer-alloc-1.2.0.tgz",
      "integrity": "sha1-iQ3ZDZI6hz4I4Q5f1RpX5bfM4Ow=",
      "requires": {
        "buffer-alloc-unsafe": "^1.1.0",
        "buffer-fill": "^1.0.0"
      }
    },
    "buffer-alloc-unsafe": {
      "version": "1.1.0",
      "resolved": "http://bnpm.byted.org/buffer-alloc-unsafe/download/buffer-alloc-unsafe-1.1.0.tgz",
      "integrity": "sha1-vX3CauKXLQ7aJTvgYdupkjScGfA="
    },
    "buffer-fill": {
      "version": "1.0.0",
      "resolved": "http://bnpm.byted.org/buffer-fill/download/buffer-fill-1.0.0.tgz",
      "integrity": "sha1-+PeLdniYiO858gXNY39o5wISKyw="
    },
    "chownr": {
      "version": "1.1.4",
      "resolved": "http://bnpm.byted.org/chownr/download/chownr-1.1.4.tgz",
      "integrity": "sha1-b8nXtC0ypYNZYzdmbn0ICE2izGs="
    },
    "code-point-at": {
      "version": "1.1.0",
      "resolved": "http://bnpm.byted.org/code-point-at/download/code-point-at-1.1.0.tgz",
      "integrity": "sha1-DQcLTQQ6W+ozovGkDi7bPZpMz3c="
    },
    "console-control-strings": {
      "version": "1.1.0",
      "resolved": "http://bnpm.byted.org/console-control-strings/download/console-control-strings-1.1.0.tgz",
      "integrity": "sha1-PXz0Rk22RG6mRL9LOVB/mFEAjo4="
    },
    "core-util-is": {
      "version": "1.0.2",
      "resolved": "http://bnpm.byted.org/core-util-is/download/core-util-is-1.0.2.tgz",
      "integrity": "sha1-tf1UIgqivFq1eqtxQMlAdUUDwac="
    },
    "deasync": {
      "version": "0.1.21",
      "resolved": "http://bnpm.byted.org/deasync/download/deasync-0.1.21.tgz",
      "integrity": "sha1-uxHqvURmwNh3bw2C3rimEmRg0w8=",
      "requires": {
        "bindings": "^1.5.0",
        "node-addon-api": "^1.7.1"
      }
    },
    "debug": {
      "version": "4.1.1",
      "resolved": "http://bnpm.byted.org/debug/download/debug-4.1.1.tgz",
      "integrity": "sha1-O3ImAlUQnGtYnO4FDx1RYTlmR5E=",
      "requires": {
        "ms": "^2.1.1"
      }
    },
    "decompress-response": {
      "version": "3.3.0",
      "resolved": "http://bnpm.byted.org/decompress-response/download/decompress-response-3.3.0.tgz",
      "integrity": "sha1-gKTdMjdIOEv6JICDYirt7Jgq3/M=",
      "requires": {
        "mimic-response": "^1.0.0"
      }
    },
    "deep-extend": {
      "version": "0.6.0",
      "resolved": "http://bnpm.byted.org/deep-extend/download/deep-extend-0.6.0.tgz",
      "integrity": "sha1-xPp8lUBKF6nD6Mp+FTcxK3NjMKw="
    },
    "delegates": {
      "version": "1.0.0",
      "resolved": "http://bnpm.byted.org/delegates/download/delegates-1.0.0.tgz",
      "integrity": "sha1-hMbhWbgZBP3KWaDvRM2HDTElD5o="
    },
    "denque": {
      "version": "1.4.1",
      "resolved": "http://bnpm.byted.org/denque/download/denque-1.4.1.tgz",
      "integrity": "sha1-Z0T/dkHBSMP4ppwwflEjXB9KN88="
    },
    "detect-libc": {
      "version": "1.0.3",
      "resolved": "http://bnpm.byted.org/detect-libc/download/detect-libc-1.0.3.tgz",
      "integrity": "sha1-+hN8S9aY7fVc1c0CrFWfkaTEups="
    },
    "edit-json-file": {
      "version": "1.2.1",
      "resolved": "http://bnpm.byted.org/edit-json-file/download/edit-json-file-1.2.1.tgz",
      "integrity": "sha1-FR8zfr5w05lk4ziMEyCqSs3dm+8=",
      "requires": {
        "find-value": "^1.0.3",
        "iterate-object": "^1.3.2",
        "r-json": "^1.2.5",
        "set-value": "^0.4.0",
        "w-json": "^1.3.5"
      }
    },
    "end-of-stream": {
      "version": "1.4.4",
      "resolved": "http://bnpm.byted.org/end-of-stream/download/end-of-stream-1.4.4.tgz",
      "integrity": "sha1-WuZKX0UFe682JuwU2gyl5LJDHrA=",
      "requires": {
        "once": "^1.4.0"
      }
    },
    "expand-template": {
      "version": "2.0.3",
      "resolved": "http://bnpm.byted.org/expand-template/download/expand-template-2.0.3.tgz",
      "integrity": "sha1-bhSz/O4POmNA7LV9LokYaSBSpHw="
    },
    "extend-shallow": {
      "version": "2.0.1",
      "resolved": "http://bnpm.byted.org/extend-shallow/download/extend-shallow-2.0.1.tgz",
      "integrity": "sha1-Ua99YUrZqfYQ6huvu5idaxxWiQ8=",
      "requires": {
        "is-extendable": "^0.1.0"
      }
    },
    "file-uri-to-path": {
      "version": "1.0.0",
      "resolved": "http://bnpm.byted.org/file-uri-to-path/download/file-uri-to-path-1.0.0.tgz",
      "integrity": "sha1-VTp7hEb/b2hDWcRF8eN6BdrMM90="
    },
    "find-value": {
      "version": "1.0.11",
      "resolved": "http://registry.npm.taobao.org/find-value/download/find-value-1.0.11.tgz",
      "integrity": "sha1-STwGKITUqiamZXGt7eqYpGrToGA="
    },
    "follow-redirects": {
      "version": "1.5.10",
      "resolved": "http://bnpm.byted.org/follow-redirects/download/follow-redirects-1.5.10.tgz",
      "integrity": "sha1-e3qfmuov3/NnhqlP9kPtB/T/Xio=",
      "requires": {
        "debug": "=3.1.0"
      },
      "dependencies": {
        "debug": {
          "version": "3.1.0",
          "resolved": "http://bnpm.byted.org/debug/download/debug-3.1.0.tgz",
          "integrity": "sha1-W7WgZyYotkFJVmuhaBnmFRjGcmE=",
          "requires": {
            "ms": "2.0.0"
          }
        },
        "ms": {
          "version": "2.0.0",
          "resolved": "http://bnpm.byted.org/ms/download/ms-2.0.0.tgz",
          "integrity": "sha1-VgiurfwAvmwpAd9fmGF4jeDVl8g="
        }
      }
    },
    "fs-constants": {
      "version": "1.0.0",
      "resolved": "http://bnpm.byted.org/fs-constants/download/fs-constants-1.0.0.tgz",
      "integrity": "sha1-a+Dem+mYzhavivwkSXue6bfM2a0="
    },
    "fs-extra": {
      "version": "7.0.1",
      "resolved": "http://bnpm.byted.org/fs-extra/download/fs-extra-7.0.1.tgz",
      "integrity": "sha1-TxicRKoSO4lfcigE9V6iPq3DSOk=",
      "requires": {
        "graceful-fs": "^4.1.2",
        "jsonfile": "^4.0.0",
        "universalify": "^0.1.0"
      }
    },
    "gauge": {
      "version": "2.7.4",
      "resolved": "http://bnpm.byted.org/gauge/download/gauge-2.7.4.tgz",
      "integrity": "sha1-LANAXHU4w51+s3sxcCLjJfsBi/c=",
      "requires": {
        "aproba": "^1.0.3",
        "console-control-strings": "^1.0.0",
        "has-unicode": "^2.0.0",
        "object-assign": "^4.1.0",
        "signal-exit": "^3.0.0",
        "string-width": "^1.0.1",
        "strip-ansi": "^3.0.1",
        "wide-align": "^1.1.0"
      }
    },
    "github-from-package": {
      "version": "0.0.0",
      "resolved": "http://bnpm.byted.org/github-from-package/download/github-from-package-0.0.0.tgz",
      "integrity": "sha1-l/tdlr/eiXMxPyDoKI75oWf6ZM4="
    },
    "graceful-fs": {
      "version": "4.1.15",
      "resolved": "http://registry.npm.taobao.org/graceful-fs/download/graceful-fs-4.1.15.tgz",
      "integrity": "sha1-/7cD4QZuig7qpMi4C6klPu77+wA="
    },
    "has-unicode": {
      "version": "2.0.1",
      "resolved": "http://bnpm.byted.org/has-unicode/download/has-unicode-2.0.1.tgz",
      "integrity": "sha1-4Ob+aijPUROIVeCG0Wkedx3iqLk="
    },
    "hash-sum": {
      "version": "2.0.0",
      "resolved": "http://bnpm.byted.org/hash-sum/download/hash-sum-2.0.0.tgz",
      "integrity": "sha1-gdAbtd6OpKIUrV1urRtSNGCwtFo="
    },
    "inherits": {
      "version": "2.0.4",
      "resolved": "http://bnpm.byted.org/inherits/download/inherits-2.0.4.tgz",
      "integrity": "sha1-D6LGT5MpF8NDOg3tVTY6rjdBa3w="
    },
    "ini": {
      "version": "1.3.8",
      "resolved": "https://registry.npmjs.org/ini/-/ini-1.3.8.tgz",
      "integrity": "sha512-JV/yugV2uzW5iMRSiZAyDtQd+nxtUnjeLt0acNdw98kKLrvuRVyB80tsREOE7yvGVgalhZ6RNXCmEHkUKBKxew=="
    },
    "ip": {
      "version": "1.1.5",
      "resolved": "http://bnpm.byted.org/ip/download/ip-1.1.5.tgz",
      "integrity": "sha1-vd7XARQpCCjAoDnnLvJfWq7ENUo="
    },
    "is-buffer": {
      "version": "1.1.6",
      "resolved": "http://bnpm.byted.org/is-buffer/download/is-buffer-1.1.6.tgz",
      "integrity": "sha1-76ouqdqg16suoTqXsritUf776L4="
    },
    "is-extendable": {
      "version": "0.1.1",
      "resolved": "http://bnpm.byted.org/is-extendable/download/is-extendable-0.1.1.tgz",
      "integrity": "sha1-YrEQ4omkcUGOPsNqYX1HLjAd/Ik="
    },
    "is-fullwidth-code-point": {
      "version": "1.0.0",
      "resolved": "http://bnpm.byted.org/is-fullwidth-code-point/download/is-fullwidth-code-point-1.0.0.tgz",
      "integrity": "sha1-754xOG8DGn8NZDr4L95QxFfvAMs=",
      "requires": {
        "number-is-nan": "^1.0.0"
      }
    },
    "is-plain-object": {
      "version": "2.0.4",
      "resolved": "http://registry.npm.taobao.org/is-plain-object/download/is-plain-object-2.0.4.tgz",
      "integrity": "sha1-LBY7P6+xtgbZ0Xko8FwqHDjgdnc=",
      "requires": {
        "isobject": "^3.0.1"
      }
    },
    "isarray": {
      "version": "1.0.0",
      "resolved": "http://bnpm.byted.org/isarray/download/isarray-1.0.0.tgz",
      "integrity": "sha1-u5NdSFgsuhaMBoNJV6VKPgcSTxE="
    },
    "isobject": {
      "version": "3.0.1",
      "resolved": "http://registry.npm.taobao.org/isobject/download/isobject-3.0.1.tgz",
      "integrity": "sha1-TkMekrEalzFjaqH5yNHMvP2reN8="
    },
    "iterate-object": {
      "version": "1.3.3",
      "resolved": "http://bnpm.byted.org/iterate-object/download/iterate-object-1.3.3.tgz",
      "integrity": "sha1-xY5g9/DK76LTggJ6SEshWYinopY="
    },
    "jsonfile": {
      "version": "4.0.0",
      "resolved": "http://registry.npm.taobao.org/jsonfile/download/jsonfile-4.0.0.tgz",
      "integrity": "sha1-h3Gq4HmbZAdrdmQPygWPnBDjPss=",
      "requires": {
        "graceful-fs": "^4.1.6"
      }
    },
    "kind-of": {
      "version": "3.2.2",
      "resolved": "http://registry.npm.taobao.org/kind-of/download/kind-of-3.2.2.tgz",
      "integrity": "sha1-MeohpzS6ubuw8yRm2JOupR5KPGQ=",
      "requires": {
        "is-buffer": "^1.1.5"
      }
    },
    "lodash": {
      "version": "4.17.20",
      "resolved": "http://bnpm.byted.org/lodash/download/lodash-4.17.20.tgz",
      "integrity": "sha1-tEqbYpe8tpjxxRo1RaKzs2jVnFI="
    },
    "memory-pager": {
      "version": "1.5.0",
      "resolved": "http://bnpm.byted.org/memory-pager/download/memory-pager-1.5.0.tgz",
      "integrity": "sha1-2HUWVdItOEaCdByXLyw9bfo+ZrU=",
      "optional": true
    },
    "mimic-response": {
      "version": "1.0.1",
      "resolved": "http://bnpm.byted.org/mimic-response/download/mimic-response-1.0.1.tgz",
      "integrity": "sha1-SSNTiHju9CBjy4o+OweYeBSHqxs="
    },
    "minimist": {
      "version": "1.2.5",
      "resolved": "http://bnpm.byted.org/minimist/download/minimist-1.2.5.tgz",
      "integrity": "sha1-Z9ZgFLZqaoqqDAg8X9WN9OTpdgI="
    },
    "mkdirp": {
      "version": "0.5.5",
      "resolved": "http://bnpm.byted.org/mkdirp/download/mkdirp-0.5.5.tgz",
      "integrity": "sha1-2Rzv1i0UNsoPQWIOJRKI1CAJne8=",
      "requires": {
        "minimist": "^1.2.5"
      }
    },
    "mongodb": {
      "version": "3.6.3",
      "resolved": "http://bnpm.byted.org/mongodb/download/mongodb-3.6.3.tgz",
      "integrity": "sha1-7drtDMNZhHTXoV8PKlsEhISJ/QU=",
      "requires": {
        "bl": "^2.2.1",
        "bson": "^1.1.4",
        "denque": "^1.4.1",
        "require_optional": "^1.0.1",
        "safe-buffer": "^5.1.2",
        "saslprep": "^1.0.0"
      }
    },
    "ms": {
      "version": "2.1.2",
      "resolved": "http://bnpm.byted.org/ms/download/ms-2.1.2.tgz",
      "integrity": "sha1-0J0fNXtEP0kzgqjrPM0YOHKuYAk="
    },
    "nan": {
      "version": "2.14.2",
      "resolved": "http://bnpm.byted.org/nan/download/nan-2.14.2.tgz",
      "integrity": "sha1-9TdkAGlRaPTMaUrJOT0MlYXu6hk="
    },
    "napi-build-utils": {
      "version": "1.0.2",
      "resolved": "http://bnpm.byted.org/napi-build-utils/download/napi-build-utils-1.0.2.tgz",
      "integrity": "sha1-sf3cCyxG44Cgt6dvmE3UfEGhOAY="
    },
    "node-abi": {
      "version": "2.19.1",
      "resolved": "http://bnpm.byted.org/node-abi/download/node-abi-2.19.1.tgz",
      "integrity": "sha1-aqMlYdCl4v22gQ2MJWQbZXqM6oU=",
      "requires": {
        "semver": "^5.4.1"
      }
    },
    "node-addon-api": {
      "version": "1.7.2",
      "resolved": "http://bnpm.byted.org/node-addon-api/download/node-addon-api-1.7.2.tgz",
      "integrity": "sha1-PfMLlXILU8JOWZSLSVMrZiRE9U0="
    },
    "noop-logger": {
      "version": "0.1.1",
      "resolved": "http://bnpm.byted.org/noop-logger/download/noop-logger-0.1.1.tgz",
      "integrity": "sha1-lKKxYzxPExdVMAfYlm/Q6EG2pMI="
    },
    "npmlog": {
      "version": "4.1.2",
      "resolved": "http://bnpm.byted.org/npmlog/download/npmlog-4.1.2.tgz",
      "integrity": "sha1-CKfyqL9zRgR3mp76StXMcXq7lUs=",
      "requires": {
        "are-we-there-yet": "~1.1.2",
        "console-control-strings": "~1.1.0",
        "gauge": "~2.7.3",
        "set-blocking": "~2.0.0"
      }
    },
    "number-is-nan": {
      "version": "1.0.1",
      "resolved": "http://bnpm.byted.org/number-is-nan/download/number-is-nan-1.0.1.tgz",
      "integrity": "sha1-CXtgK1NCKlIsGvuHkDGDNpQaAR0="
    },
    "object-assign": {
      "version": "4.1.1",
      "resolved": "http://bnpm.byted.org/object-assign/download/object-assign-4.1.1.tgz",
      "integrity": "sha1-IQmtx5ZYh8/AXLvUQsrIv7s2CGM="
    },
    "object-hash": {
      "version": "2.0.3",
      "resolved": "http://bnpm.byted.org/object-hash/download/object-hash-2.0.3.tgz",
      "integrity": "sha1-0S2wROA80so9d8BXDYciWwLh5uo="
    },
    "once": {
      "version": "1.4.0",
      "resolved": "http://bnpm.byted.org/once/download/once-1.4.0.tgz",
      "integrity": "sha1-WDsap3WWHUsROsF9nFC6753Xa9E=",
      "requires": {
        "wrappy": "1"
      }
    },
    "os-homedir": {
      "version": "1.0.2",
      "resolved": "http://bnpm.byted.org/os-homedir/download/os-homedir-1.0.2.tgz",
      "integrity": "sha1-/7xJiDNuDoM94MFox+8VISGqf7M="
    },
    "prebuild-install": {
      "version": "5.3.0",
      "resolved": "http://bnpm.byted.org/prebuild-install/download/prebuild-install-5.3.0.tgz",
      "integrity": "sha1-WLTYNE4DWQmQkx7giN1UAbAwBMg=",
      "requires": {
        "detect-libc": "^1.0.3",
        "expand-template": "^2.0.3",
        "github-from-package": "0.0.0",
        "minimist": "^1.2.0",
        "mkdirp": "^0.5.1",
        "napi-build-utils": "^1.0.1",
        "node-abi": "^2.7.0",
        "noop-logger": "^0.1.1",
        "npmlog": "^4.0.1",
        "os-homedir": "^1.0.1",
        "pump": "^2.0.1",
        "rc": "^1.2.7",
        "simple-get": "^2.7.0",
        "tar-fs": "^1.13.0",
        "tunnel-agent": "^0.6.0",
        "which-pm-runs": "^1.0.0"
      }
    },
    "process-nextick-args": {
      "version": "2.0.1",
      "resolved": "http://bnpm.byted.org/process-nextick-args/download/process-nextick-args-2.0.1.tgz",
      "integrity": "sha1-eCDZsWEgzFXKmud5JoCufbptf+I="
    },
    "pump": {
      "version": "2.0.1",
      "resolved": "http://bnpm.byted.org/pump/download/pump-2.0.1.tgz",
      "integrity": "sha1-Ejma3W5M91Jtlzy8i1zi4pCLOQk=",
      "requires": {
        "end-of-stream": "^1.1.0",
        "once": "^1.3.1"
      }
    },
    "r-json": {
      "version": "1.2.9",
      "resolved": "http://bnpm.byted.org/r-json/download/r-json-1.2.9.tgz",
      "integrity": "sha1-BjfaNIWwtEkun/roV5b4svNz9gA="
    },
    "rc": {
      "version": "1.2.8",
      "resolved": "http://bnpm.byted.org/rc/download/rc-1.2.8.tgz",
      "integrity": "sha1-zZJL9SAKB1uDwYjNa54hG3/A0+0=",
      "requires": {
        "deep-extend": "^0.6.0",
        "ini": "~1.3.0",
        "minimist": "^1.2.0",
        "strip-json-comments": "~2.0.1"
      }
    },
    "readable-stream": {
      "version": "2.3.7",
      "resolved": "http://bnpm.byted.org/readable-stream/download/readable-stream-2.3.7.tgz",
      "integrity": "sha1-Hsoc9xGu+BTAT2IlKjamL2yyO1c=",
      "requires": {
        "core-util-is": "~1.0.0",
        "inherits": "~2.0.3",
        "isarray": "~1.0.0",
        "process-nextick-args": "~2.0.0",
        "safe-buffer": "~5.1.1",
        "string_decoder": "~1.1.1",
        "util-deprecate": "~1.0.1"
      },
      "dependencies": {
        "safe-buffer": {
          "version": "5.1.2",
          "resolved": "http://bnpm.byted.org/safe-buffer/download/safe-buffer-5.1.2.tgz",
          "integrity": "sha1-mR7GnSluAxN0fVm9/St0XDX4go0="
        }
      }
    },
    "require-directory": {
      "version": "2.1.1",
      "resolved": "http://bnpm.byted.org/require-directory/download/require-directory-2.1.1.tgz",
      "integrity": "sha1-jGStX9MNqxyXbiNE/+f3kqam30I="
    },
    "require_optional": {
      "version": "1.0.1",
      "resolved": "http://bnpm.byted.org/require_optional/download/require_optional-1.0.1.tgz",
      "integrity": "sha1-TPNaQkf2TKPfjC7yCMxJSxyo/C4=",
      "requires": {
        "resolve-from": "^2.0.0",
        "semver": "^5.1.0"
      }
    },
    "resolve-from": {
      "version": "2.0.0",
      "resolved": "http://bnpm.byted.org/resolve-from/download/resolve-from-2.0.0.tgz",
      "integrity": "sha1-lICrIOlP+h2egKgEx+oUdhGWa1c="
    },
    "safe-buffer": {
      "version": "5.2.1",
      "resolved": "http://bnpm.byted.org/safe-buffer/download/safe-buffer-5.2.1.tgz",
      "integrity": "sha1-Hq+fqb2x/dTsdfWPnNtOa3gn7sY="
    },
    "saslprep": {
      "version": "1.0.3",
      "resolved": "http://bnpm.byted.org/saslprep/download/saslprep-1.0.3.tgz",
      "integrity": "sha1-TAL5RrVs9UKX40e6EJPnrKxM8iY=",
      "optional": true,
      "requires": {
        "sparse-bitfield": "^3.0.3"
      }
    },
    "semver": {
      "version": "5.7.1",
      "resolved": "http://bnpm.byted.org/semver/download/semver-5.7.1.tgz",
      "integrity": "sha1-qVT5Ma66UI0we78Gnv8MAclhFvc="
    },
    "set-blocking": {
      "version": "2.0.0",
      "resolved": "http://bnpm.byted.org/set-blocking/download/set-blocking-2.0.0.tgz",
      "integrity": "sha1-BF+XgtARrppoA93TgrJDkrPYkPc="
    },
    "set-value": {
      "version": "0.4.3",
      "resolved": "http://bnpm.byted.org/set-value/download/set-value-0.4.3.tgz",
      "integrity": "sha1-fbCPnT0i3H945Trzw79GZuzfzPE=",
      "requires": {
        "extend-shallow": "^2.0.1",
        "is-extendable": "^0.1.1",
        "is-plain-object": "^2.0.1",
        "to-object-path": "^0.3.0"
      }
    },
    "signal-exit": {
      "version": "3.0.3",
      "resolved": "http://bnpm.byted.org/signal-exit/download/signal-exit-3.0.3.tgz",
      "integrity": "sha1-oUEMLt2PB3sItOJTyOrPyvBXRhw="
    },
    "simple-concat": {
      "version": "1.0.1",
      "resolved": "http://bnpm.byted.org/simple-concat/download/simple-concat-1.0.1.tgz",
      "integrity": "sha1-9Gl2CCujXCJj8cirXt/ibEHJVS8="
    },
    "simple-get": {
      "version": "2.8.1",
      "resolved": "http://bnpm.byted.org/simple-get/download/simple-get-2.8.1.tgz",
      "integrity": "sha1-DiLpHUV12HYgYgvJEwjVenf0S10=",
      "requires": {
        "decompress-response": "^3.3.0",
        "once": "^1.3.1",
        "simple-concat": "^1.0.0"
      }
    },
    "snappy": {
      "version": "6.3.5",
      "resolved": "http://bnpm.byted.org/snappy/download/snappy-6.3.5.tgz",
      "integrity": "sha1-wUuN6o6bwmh4dbXkkdFd2QDmAjw=",
      "requires": {
        "bindings": "^1.3.1",
        "nan": "^2.14.1",
        "prebuild-install": "5.3.0"
      }
    },
    "sparse-bitfield": {
      "version": "3.0.3",
      "resolved": "http://bnpm.byted.org/sparse-bitfield/download/sparse-bitfield-3.0.3.tgz",
      "integrity": "sha1-/0rm5oZWBWuks+eSqzM004JzyhE=",
      "optional": true,
      "requires": {
        "memory-pager": "^1.0.2"
      }
    },
    "string-width": {
      "version": "1.0.2",
      "resolved": "http://bnpm.byted.org/string-width/download/string-width-1.0.2.tgz",
      "integrity": "sha1-EYvfW4zcUaKn5w0hHgfisLmxB9M=",
      "requires": {
        "code-point-at": "^1.0.0",
        "is-fullwidth-code-point": "^1.0.0",
        "strip-ansi": "^3.0.0"
      }
    },
    "string_decoder": {
      "version": "1.1.1",
      "resolved": "http://bnpm.byted.org/string_decoder/download/string_decoder-1.1.1.tgz",
      "integrity": "sha1-nPFhG6YmhdcDCunkujQUnDrwP8g=",
      "requires": {
        "safe-buffer": "~5.1.0"
      },
      "dependencies": {
        "safe-buffer": {
          "version": "5.1.2",
          "resolved": "http://bnpm.byted.org/safe-buffer/download/safe-buffer-5.1.2.tgz",
          "integrity": "sha1-mR7GnSluAxN0fVm9/St0XDX4go0="
        }
      }
    },
    "strip-ansi": {
      "version": "3.0.1",
      "resolved": "http://bnpm.byted.org/strip-ansi/download/strip-ansi-3.0.1.tgz",
      "integrity": "sha1-ajhfuIU9lS1f8F0Oiq+UJ43GPc8=",
      "requires": {
        "ansi-regex": "^2.0.0"
      }
    },
    "strip-json-comments": {
      "version": "2.0.1",
      "resolved": "http://bnpm.byted.org/strip-json-comments/download/strip-json-comments-2.0.1.tgz",
      "integrity": "sha1-PFMZQukIwml8DsNEhYwobHygpgo="
    },
    "tar-fs": {
      "version": "1.16.3",
      "resolved": "http://bnpm.byted.org/tar-fs/download/tar-fs-1.16.3.tgz",
      "integrity": "sha1-lmpiiEHaLEAQQGqCFny9Xgxy1Qk=",
      "requires": {
        "chownr": "^1.0.1",
        "mkdirp": "^0.5.1",
        "pump": "^1.0.0",
        "tar-stream": "^1.1.2"
      },
      "dependencies": {
        "pump": {
          "version": "1.0.3",
          "resolved": "http://bnpm.byted.org/pump/download/pump-1.0.3.tgz",
          "integrity": "sha1-Xf6DEcM7v2/BgmH580cCxHwIqVQ=",
          "requires": {
            "end-of-stream": "^1.1.0",
            "once": "^1.3.1"
          }
        }
      }
    },
    "tar-stream": {
      "version": "1.6.2",
      "resolved": "http://bnpm.byted.org/tar-stream/download/tar-stream-1.6.2.tgz",
      "integrity": "sha1-jqVdqzeXIlPZqa+Q/c1VmuQ1xVU=",
      "requires": {
        "bl": "^1.0.0",
        "buffer-alloc": "^1.2.0",
        "end-of-stream": "^1.0.0",
        "fs-constants": "^1.0.0",
        "readable-stream": "^2.3.0",
        "to-buffer": "^1.1.1",
        "xtend": "^4.0.0"
      },
      "dependencies": {
        "bl": {
          "version": "1.2.3",
          "resolved": "http://bnpm.byted.org/bl/download/bl-1.2.3.tgz",
          "integrity": "sha1-Ho3YAULqyA1xWMnczAR/tiDgNec=",
          "requires": {
            "readable-stream": "^2.3.5",
            "safe-buffer": "^5.1.1"
          }
        }
      }
    },
    "to-buffer": {
      "version": "1.1.1",
      "resolved": "http://bnpm.byted.org/to-buffer/download/to-buffer-1.1.1.tgz",
      "integrity": "sha1-STvUj2LXxD/N7TE6A9ytsuEhOoA="
    },
    "to-object-path": {
      "version": "0.3.0",
      "resolved": "http://registry.npm.taobao.org/to-object-path/download/to-object-path-0.3.0.tgz",
      "integrity": "sha1-KXWIt7Dn4KwI4E5nL4XB9JmeF68=",
      "requires": {
        "kind-of": "^3.0.2"
      }
    },
    "tslib": {
      "version": "1.14.1",
      "resolved": "http://bnpm.byted.org/tslib/download/tslib-1.14.1.tgz",
      "integrity": "sha1-zy04vcNKE0vK8QkcQfZhni9nLQA="
    },
    "tunnel-agent": {
      "version": "0.6.0",
      "resolved": "http://bnpm.byted.org/tunnel-agent/download/tunnel-agent-0.6.0.tgz",
      "integrity": "sha1-J6XeoGs2sEoKmWZ3SykIaPD8QP0=",
      "requires": {
        "safe-buffer": "^5.0.1"
      }
    },
    "universalify": {
      "version": "0.1.2",
      "resolved": "http://bnpm.byted.org/universalify/download/universalify-0.1.2.tgz",
      "integrity": "sha1-tkb2m+OULavOzJ1mOcgNwQXvqmY="
    },
    "util-deprecate": {
      "version": "1.0.2",
      "resolved": "http://bnpm.byted.org/util-deprecate/download/util-deprecate-1.0.2.tgz",
      "integrity": "sha1-RQ1Nyfpw3nMnYvvS1KKJgUGaDM8="
    },
    "uuid": {
      "version": "8.3.1",
      "resolved": "http://bnpm.byted.org/uuid/download/uuid-8.3.1.tgz",
      "integrity": "sha1-K6LmygANpg/OWhlpVKskETHgWjE="
    },
    "w-json": {
      "version": "1.3.9",
      "resolved": "http://registry.npm.taobao.org/w-json/download/w-json-1.3.9.tgz",
      "integrity": "sha1-wd37rhJ59+hNWhvVh7U6A/XFz/g="
    },
    "which-pm-runs": {
      "version": "1.0.0",
      "resolved": "http://bnpm.byted.org/which-pm-runs/download/which-pm-runs-1.0.0.tgz",
      "integrity": "sha1-Zws6+8VS4LVd9rd4DKdGFfI60cs="
    },
    "wide-align": {
      "version": "1.1.3",
      "resolved": "http://bnpm.byted.org/wide-align/download/wide-align-1.1.3.tgz",
      "integrity": "sha1-rgdOa9wMFKQx6ATmJFScYzsABFc=",
      "requires": {
        "string-width": "^1.0.2 || 2"
      }
    },
    "wrappy": {
      "version": "1.0.2",
      "resolved": "http://bnpm.byted.org/wrappy/download/wrappy-1.0.2.tgz",
      "integrity": "sha1-tSQ9jz7BqjXxNkYFvA0QNuMKtp8="
    },
    "xtend": {
      "version": "4.0.2",
      "resolved": "http://bnpm.byted.org/xtend/download/xtend-4.0.2.tgz",
      "integrity": "sha1-u3J3n1+kZRhrH0OPZ0+jR/2121Q="
    }
  }
}
